
Microsoft Visual Studio Solution File, Format Version 12.00
# Visual Studio Version 17
VisualStudioVersion = 17.10.35027.167
MinimumVisualStudioVersion = 10.0.40219.1
Project("{FAE04EC0-301F-11D3-BF4B-00C04F79EFBC}") = "CilginMuzisyenler", "CilginMuzisyenler\CilginMuzisyenler.csproj", "{D4D4E0B7-4DA3-4248-971E-0F196EA6E046}"
EndProject
Global
	GlobalSection(SolutionConfigurationPlatforms) = preSolution
		Debug|Any CPU = Debug|Any CPU
		Release|Any CPU = Release|Any CPU
	EndGlobalSection
	GlobalSection(ProjectConfigurationPlatforms) = postSolution
		{D4D4E0B7-4DA3-4248-971E-0F196EA6E046}.Debug|Any CPU.ActiveCfg = Debug|Any CPU
		{D4D4E0B7-4DA3-4248-971E-0F196EA6E046}.Debug|Any CPU.Build.0 = Debug|Any CPU
		{D4D4E0B7-4DA3-4248-971E-0F196EA6E046}.Release|Any CPU.ActiveCfg = Release|Any CPU
		{D4D4E0B7-4DA3-4248-971E-0F196EA6E046}.Release|Any CPU.Build.0 = Release|Any CPU
	EndGlobalSection
	GlobalSection(SolutionProperties) = preSolution
		HideSolutionNode = FALSE
	EndGlobalSection
	GlobalSection(ExtensibilityGlobals) = postSolution
		SolutionGuid = {DF2A2FFA-E39D-451F-9390-BA70DEEEA5C8}
	EndGlobalSection
EndGlobal
